<?xml version="1.0" encoding="utf-8"?>
<Project ToolsVersion="Current" xmlns="http://schemas.microsoft.com/developer/msbuild/2003">
  <ItemGroup>
    <ClCompile Include="bgsprite.cpp">
      <Filter>ソースファイル</Filter>
    </ClCompile>
    <ClCompile Include="effect.cpp">
      <Filter>ソースファイル</Filter>
    </ClCompile>
    <ClCompile Include="enemy.cpp">
      <Filter>ソースファイル</Filter>
    </ClCompile>
    <ClCompile Include="enemyshot.cpp">
      <Filter>ソースファイル</Filter>
    </ClCompile>
    <ClCompile Include="player.cpp">
      <Filter>ソースファイル</Filter>
    </ClCompile>
    <ClCompile Include="game.cpp">
      <Filter>ソースファイル</Filter>
    </ClCompile>
    <ClCompile Include="en.cpp">
      <Filter>ソースファイル</Filter>
    </ClCompile>
    <ClCompile Include="winmain.cpp">
      <Filter>ソースファイル</Filter>
    </ClCompile>
    <ClCompile Include="shot.cpp">
      <Filter>ソースファイル</Filter>
    </ClCompile>
    <ClCompile Include="UI.cpp">
      <Filter>ソースファイル</Filter>
    </ClCompile>
  </ItemGroup>
  <ItemGroup>
    <Filter Include="ソースファイル">
      <UniqueIdentifier>{481be187-ed63-4845-8c92-5f190430bf58}</UniqueIdentifier>
    </Filter>
    <Filter Include="ヘッダファイル">
      <UniqueIdentifier>{f1411474-5e7c-462e-b52e-44113c4ab182}</UniqueIdentifier>
    </Filter>
  </ItemGroup>
  <ItemGroup>
    <ClInclude Include="tsuchiya.h">
      <Filter>ヘッダファイル</Filter>
    </ClInclude>
    <ClInclude Include="bgsprite.h">
      <Filter>ヘッダファイル</Filter>
    </ClInclude>
    <ClInclude Include="effect.h">
      <Filter>ヘッダファイル</Filter>
    </ClInclude>
    <ClInclude Include="en.h">
      <Filter>ヘッダファイル</Filter>
    </ClInclude>
    <ClInclude Include="enemy.h">
      <Filter>ヘッダファイル</Filter>
    </ClInclude>
    <ClInclude Include="enemyshot.h">
      <Filter>ヘッダファイル</Filter>
    </ClInclude>
    <ClInclude Include="player.h">
      <Filter>ヘッダファイル</Filter>
    </ClInclude>
    <ClInclude Include="shot.h">
      <Filter>ヘッダファイル</Filter>
    </ClInclude>
    <ClInclude Include="game.h">
      <Filter>ヘッダファイル</Filter>
    </ClInclude>
    <ClInclude Include="UI.h">
      <Filter>ヘッダファイル</Filter>
    </ClInclude>
  </ItemGroup>
</Project>